{
  "originHash" : "8c6c1ea0a4226b0032ca5543125e6145f42b0566d89883d175f918f9e5a6e60b",
  "pins" : [
    {
      "identity" : "dittoswiftpackage",
      "kind" : "remoteSourceControl",
      "location" : "https://github.com/getditto/DittoSwiftPackage",
      "state" : {
        "revision" : "db7950d62b92ab1c0fccdbb7583b036aaa8f1613",
        "version" : "4.9.0"
      }
    }
  ],
  "version" : 3
}
