{
  "originHash" : "ee4511bb6cfa657c4257312933097321cc75e4b8a7bf5f7e7010ca4bbce9cfef",
  "pins" : [
    {
      "identity" : "dittoswiftpackage",
      "kind" : "remoteSourceControl",
      "location" : "https://github.com/getditto/DittoSwiftPackage",
      "state" : {
        "revision" : "4a89568bb5841b79d85cc807a5aa58780405fed2",
        "version" : "4.7.4-rc.2"
      }
    }
  ],
  "version" : 3
}
